// !$*UTF8*$!
{
	archiveVersion = 1;
	classes = {
	};
	objectVersion = 56;
	objects = {

/* Begin PBXBuildFile section */
		6943521528D2231B0093EAD3 /* OpenWeatherApp_DemoApp.swift in Sources */ = {isa = PBXBuildFile; fileRef = 6943521428D2231B0093EAD3 /* OpenWeatherApp_DemoApp.swift */; };
		6943521728D2231B0093EAD3 /* ContentView.swift in Sources */ = {isa = PBXBuildFile; fileRef = 6943521628D2231B0093EAD3 /* ContentView.swift */; };
		6943521928D2231C0093EAD3 /* Assets.xcassets in Resources */ = {isa = PBXBuildFile; fileRef = 6943521828D2231C0093EAD3 /* Assets.xcassets */; };
		6943521C28D2231C0093EAD3 /* Preview Assets.xcassets in Resources */ = {isa = PBXBuildFile; fileRef = 6943521B28D2231C0093EAD3 /* Preview Assets.xcassets */; };
		6943522628D2231C0093EAD3 /* OpenWeatherApp_DemoTests.swift in Sources */ = {isa = PBXBuildFile; fileRef = 6943522528D2231C0093EAD3 /* OpenWeatherApp_DemoTests.swift */; };
		6943523028D2231C0093EAD3 /* OpenWeatherApp_DemoUITests.swift in Sources */ = {isa = PBXBuildFile; fileRef = 6943522F28D2231C0093EAD3 /* OpenWeatherApp_DemoUITests.swift */; };
		6943523228D2231C0093EAD3 /* OpenWeatherApp_DemoUITestsLaunchTests.swift in Sources */ = {isa = PBXBuildFile; fileRef = 6943523128D2231C0093EAD3 /* OpenWeatherApp_DemoUITestsLaunchTests.swift */; };
/* End PBXBuildFile section */

/* Begin PBXContainerItemProxy section */
		6943522228D2231C0093EAD3 /* PBXContainerItemProxy */ = {
			isa = PBXContainerItemProxy;
			containerPortal = 6943520928D2231B0093EAD3 /* Project object */;
			proxyType = 1;
			remoteGlobalIDString = 6943521028D2231B0093EAD3;
			remoteInfo = OpenWeatherApp_Demo;
		};
		6943522C28D2231C0093EAD3 /* PBXContainerItemProxy */ = {
			isa = PBXContainerItemProxy;
			containerPortal = 6943520928D2231B0093EAD3 /* Project object */;
			proxyType = 1;
			remoteGlobalIDString = 6943521028D2231B0093EAD3;
			remoteInfo = OpenWeatherApp_Demo;
		};
/* End PBXContainerItemProxy section */

/* Begin PBXFileReference section */
		6943521128D2231B0093EAD3 /* OpenWeatherApp_Demo.app */ = {isa = PBXFileReference; explicitFileType = wrapper.application; includeInIndex = 0; path = OpenWeatherApp_Demo.app; sourceTree = BUILT_PRODUCTS_DIR; };
		6943521428D2231B0093EAD3 /* OpenWeatherApp_DemoApp.swift */ = {isa = PBXFileReference; lastKnownFileType = sourcecode.swift; path = OpenWeatherApp_DemoApp.swift; sourceTree = "<group>"; };
		6943521628D2231B0093EAD3 /* ContentView.swift */ = {isa = PBXFileReference; lastKnownFileType = sourcecode.swift; path = ContentView.swift; sourceTree = "<group>"; };
		6943521828D2231C0093EAD3 /* Assets.xcassets */ = {isa = PBXFileReference; lastKnownFileType = folder.assetcatalog; path = Assets.xcassets; sourceTree = "<group>"; };
		6943521B28D2231C0093EAD3 /* Preview Assets.xcassets */ = {isa = PBXFileReference; lastKnownFileType = folder.assetcatalog; path = "Preview Assets.xcassets"; sourceTree = "<group>"; };
		6943522128D2231C0093EAD3 /* OpenWeatherApp_DemoTests.xctest */ = {isa = PBXFileReference; explicitFileType = wrapper.cfbundle; includeInIndex = 0; path = OpenWeatherApp_DemoTests.xctest; sourceTree = BUILT_PRODUCTS_DIR; };
		6943522528D2231C0093EAD3 /* OpenWeatherApp_DemoTests.swift */ = {isa = PBXFileReference; lastKnownFileType = sourcecode.swift; path = OpenWeatherApp_DemoTests.swift; sourceTree = "<group>"; };
		6943522B28D2231C0093EAD3 /* OpenWeatherApp_DemoUITests.xctest */ = {isa = PBXFileReference; explicitFileType = wrapper.cfbundle; includeInIndex = 0; path = OpenWeatherApp_DemoUITests.xctest; sourceTree = BUILT_PRODUCTS_DIR; };
		6943522F28D2231C0093EAD3 /* OpenWeatherApp_DemoUITests.swift */ = {isa = PBXFileReference; lastKnownFileType = sourcecode.swift; path = OpenWeatherApp_DemoUITests.swift; sourceTree = "<group>"; };
		6943523128D2231C0093EAD3 /* OpenWeatherApp_DemoUITestsLaunchTests.swift */ = {isa = PBXFileReference; lastKnownFileType = sourcecode.swift; path = OpenWeatherApp_DemoUITestsLaunchTests.swift; sourceTree = "<group>"; };
/* End PBXFileReference section */

/* Begin PBXFrameworksBuildPhase section */
		6943520E28D2231B0093EAD3 /* Frameworks */ = {
			isa = PBXFrameworksBuildPhase;
			buildActionMask = 2147483647;
			files = (
			);
			runOnlyForDeploymentPostprocessing = 0;
		};
		6943521E28D2231C0093EAD3 /* Frameworks */ = {
			isa = PBXFrameworksBuildPhase;
			buildActionMask = 2147483647;
			files = (
			);
			runOnlyForDeploymentPostprocessing = 0;
		};
		6943522828D2231C0093EAD3 /* Frameworks */ = {
			isa = PBXFrameworksBuildPhase;
			buildActionMask = 2147483647;
			files = (
			);
			runOnlyForDeploymentPostprocessing = 0;
		};
/* End PBXFrameworksBuildPhase section */

/* Begin PBXGroup section */
		6943520828D2231B0093EAD3 = {
			isa = PBXGroup;
			children = (
				6943521328D2231B0093EAD3 /* OpenWeatherApp_Demo */,
				6943522428D2231C0093EAD3 /* OpenWeatherApp_DemoTests */,
				6943522E28D2231C0093EAD3 /* OpenWeatherApp_DemoUITests */,
				6943521228D2231B0093EAD3 /* Products */,
			);
			sourceTree = "<group>";
		};
		6943521228D2231B0093EAD3 /* Products */ = {
			isa = PBXGroup;
			children = (
				6943521128D2231B0093EAD3 /* OpenWeatherApp_Demo.app */,
				6943522128D2231C0093EAD3 /* OpenWeatherApp_DemoTests.xctest */,
				6943522B28D2231C0093EAD3 /* OpenWeatherApp_DemoUITests.xctest */,
			);
			name = Products;
			sourceTree = "<group>";
		};
		6943521328D2231B0093EAD3 /* OpenWeatherApp_Demo */ = {
			isa = PBXGroup;
			children = (
				6943521428D2231B0093EAD3 /* OpenWeatherApp_DemoApp.swift */,
				6943521628D2231B0093EAD3 /* ContentView.swift */,
				6943521828D2231C0093EAD3 /* Assets.xcassets */,
				6943521A28D2231C0093EAD3 /* Preview Content */,
			);
			path = OpenWeatherApp_Demo;
			sourceTree = "<group>";
		};
		6943521A28D2231C0093EAD3 /* Preview Content */ = {
			isa = PBXGroup;
			children = (
				6943521B28D2231C0093EAD3 /* Preview Assets.xcassets */,
			);
			path = "Preview Content";
			sourceTree = "<group>";
		};
		6943522428D2231C0093EAD3 /* OpenWeatherApp_DemoTests */ = {
			isa = PBXGroup;
			children = (
				6943522528D2231C0093EAD3 /* OpenWeatherApp_DemoTests.swift */,
			);
			path = OpenWeatherApp_DemoTests;
			sourceTree = "<group>";
		};
		6943522E28D2231C0093EAD3 /* OpenWeatherApp_DemoUITests */ = {
			isa = PBXGroup;
			children = (
				6943522F28D2231C0093EAD3 /* OpenWeatherApp_DemoUITests.swift */,
				6943523128D2231C0093EAD3 /* OpenWeatherApp_DemoUITestsLaunchTests.swift */,
			);
			path = OpenWeatherApp_DemoUITests;
			sourceTree = "<group>";
		};
/* End PBXGroup section */

/* Begin PBXNativeTarget section */
		6943521028D2231B0093EAD3 /* OpenWeatherApp_Demo */ = {
			isa = PBXNativeTarget;
			buildConfigurationList = 6943523528D2231C0093EAD3 /* Build configuration list for PBXNativeTarget "OpenWeatherApp_Demo" */;
			buildPhases = (
				6943520D28D2231B0093EAD3 /* Sources */,
				6943520E28D2231B0093EAD3 /* Frameworks */,
				6943520F28D2231B0093EAD3 /* Resources */,
			);
			buildRules = (
			);
			dependencies = (
			);
			name = OpenWeatherApp_Demo;
			productName = OpenWeatherApp_Demo;
			productReference = 6943521128D2231B0093EAD3 /* OpenWeatherApp_Demo.app */;
			productType = "com.apple.product-type.application";
		};
		6943522028D2231C0093EAD3 /* OpenWeatherApp_DemoTests */ = {
			isa = PBXNativeTarget;
			buildConfigurationList = 6943523828D2231C0093EAD3 /* Build configuration list for PBXNativeTarget "OpenWeatherApp_DemoTests" */;
			buildPhases = (
				6943521D28D2231C0093EAD3 /* Sources */,
				6943521E28D2231C0093EAD3 /* Frameworks */,
				6943521F28D2231C0093EAD3 /* Resources */,
			);
			buildRules = (
			);
			dependencies = (
				6943522328D2231C0093EAD3 /* PBXTargetDependency */,
			);
			name = OpenWeatherApp_DemoTests;
			productName = OpenWeatherApp_DemoTests;
			productReference = 6943522128D2231C0093EAD3 /* OpenWeatherApp_DemoTests.xctest */;
			productType = "com.apple.product-type.bundle.unit-test";
		};
		6943522A28D2231C0093EAD3 /* OpenWeatherApp_DemoUITests */ = {
			isa = PBXNativeTarget;
			buildConfigurationList = 6943523B28D2231C0093EAD3 /* Build configuration list for PBXNativeTarget "OpenWeatherApp_DemoUITests" */;
			buildPhases = (
				6943522728D2231C0093EAD3 /* Sources */,
				6943522828D2231C0093EAD3 /* Frameworks */,
				6943522928D2231C0093EAD3 /* Resources */,
			);
			buildRules = (
			);
			dependencies = (
				6943522D28D2231C0093EAD3 /* PBXTargetDependency */,
			);
			name = OpenWeatherApp_DemoUITests;
			productName = OpenWeatherApp_DemoUITests;
			productReference = 6943522B28D2231C0093EAD3 /* OpenWeatherApp_DemoUITests.xctest */;
			productType = "com.apple.product-type.bundle.ui-testing";
		};
/* End PBXNativeTarget section */

/* Begin PBXProject section */
		6943520928D2231B0093EAD3 /* Project object */ = {
			isa = PBXProject;
			attributes = {
				BuildIndependentTargetsInParallel = 1;
				LastSwiftUpdateCheck = 1400;
				LastUpgradeCheck = 1400;
				TargetAttributes = {
					6943521028D2231B0093EAD3 = {
						CreatedOnToolsVersion = 14.0;
					};
					6943522028D2231C0093EAD3 = {
						CreatedOnToolsVersion = 14.0;
						TestTargetID = 6943521028D2231B0093EAD3;
					};
					6943522A28D2231C0093EAD3 = {
						CreatedOnToolsVersion = 14.0;
						TestTargetID = 6943521028D2231B0093EAD3;
					};
				};
			};
			buildConfigurationList = 6943520C28D2231B0093EAD3 /* Build configuration list for PBXProject "OpenWeatherApp_Demo" */;
			compatibilityVersion = "Xcode 14.0";
			developmentRegion = en;
			hasScannedForEncodings = 0;
			knownRegions = (
				en,
				Base,
			);
			mainGroup = 6943520828D2231B0093EAD3;
			productRefGroup = 6943521228D2231B0093EAD3 /* Products */;
			projectDirPath = "";
			projectRoot = "";
			targets = (
				6943521028D2231B0093EAD3 /* OpenWeatherApp_Demo */,
				6943522028D2231C0093EAD3 /* OpenWeatherApp_DemoTests */,
				6943522A28D2231C0093EAD3 /* OpenWeatherApp_DemoUITests */,
			);
		};
/* End PBXProject section */

/* Begin PBXResourcesBuildPhase section */
		6943520F28D2231B0093EAD3 /* Resources */ = {
			isa = PBXResourcesBuildPhase;
			buildActionMask = 2147483647;
			files = (
				6943521C28D2231C0093EAD3 /* Preview Assets.xcassets in Resources */,
				6943521928D2231C0093EAD3 /* Assets.xcassets in Resources */,
			);
			runOnlyForDeploymentPostprocessing = 0;
		};
		6943521F28D2231C0093EAD3 /* Resources */ = {
			isa = PBXResourcesBuildPhase;
			buildActionMask = 2147483647;
			files = (
			);
			runOnlyForDeploymentPostprocessing = 0;
		};
		6943522928D2231C0093EAD3 /* Resources */ = {
			isa = PBXResourcesBuildPhase;
			buildActionMask = 2147483647;
			files = (
			);
			runOnlyForDeploymentPostprocessing = 0;
		};
/* End PBXResourcesBuildPhase section */

/* Begin PBXSourcesBuildPhase section */
		6943520D28D2231B0093EAD3 /* Sources */ = {
			isa = PBXSourcesBuildPhase;
			buildActionMask = 2147483647;
			files = (
				6943521728D2231B0093EAD3 /* ContentView.swift in Sources */,
				6943521528D2231B0093EAD3 /* OpenWeatherApp_DemoApp.swift in Sources */,
			);
			runOnlyForDeploymentPostprocessing = 0;
		};
		6943521D28D2231C0093EAD3 /* Sources */ = {
			isa = PBXSourcesBuildPhase;
			buildActionMask = 2147483647;
			files = (
				6943522628D2231C0093EAD3 /* OpenWeatherApp_DemoTests.swift in Sources */,
			);
			runOnlyForDeploymentPostprocessing = 0;
		};
		6943522728D2231C0093EAD3 /* Sources */ = {
			isa = PBXSourcesBuildPhase;
			buildActionMask = 2147483647;
			files = (
				6943523228D2231C0093EAD3 /* OpenWeatherApp_DemoUITestsLaunchTests.swift in Sources */,
				6943523028D2231C0093EAD3 /* OpenWeatherApp_DemoUITests.swift in Sources */,
			);
			runOnlyForDeploymentPostprocessing = 0;
		};
/* End PBXSourcesBuildPhase section */

/* Begin PBXTargetDependency section */
		6943522328D2231C0093EAD3 /* PBXTargetDependency */ = {
			isa = PBXTargetDependency;
			target = 6943521028D2231B0093EAD3 /* OpenWeatherApp_Demo */;
			targetProxy = 6943522228D2231C0093EAD3 /* PBXContainerItemProxy */;
		};
		6943522D28D2231C0093EAD3 /* PBXTargetDependency */ = {
			isa = PBXTargetDependency;
			target = 6943521028D2231B0093EAD3 /* OpenWeatherApp_Demo */;
			targetProxy = 6943522C28D2231C0093EAD3 /* PBXContainerItemProxy */;
		};
/* End PBXTargetDependency section */

/* Begin XCBuildConfiguration section */
		6943523328D2231C0093EAD3 /* Debug */ = {
			isa = XCBuildConfiguration;
			buildSettings = {
				ALWAYS_SEARCH_USER_PATHS = NO;
				CLANG_ANALYZER_NONNULL = YES;
				CLANG_ANALYZER_NUMBER_OBJECT_CONVERSION = YES_AGGRESSIVE;
				CLANG_CXX_LANGUAGE_STANDARD = "gnu++20";
				CLANG_ENABLE_MODULES = YES;
				CLANG_ENABLE_OBJC_ARC = YES;
				CLANG_ENABLE_OBJC_WEAK = YES;
				CLANG_WARN_BLOCK_CAPTURE_AUTORELEASING = YES;
				CLANG_WARN_BOOL_CONVERSION = YES;
				CLANG_WARN_COMMA = YES;
				CLANG_WARN_CONSTANT_CONVERSION = YES;
				CLANG_WARN_DEPRECATED_OBJC_IMPLEMENTATIONS = YES;
				CLANG_WARN_DIRECT_OBJC_ISA_USAGE = YES_ERROR;
				CLANG_WARN_DOCUMENTATION_COMMENTS = YES;
				CLANG_WARN_EMPTY_BODY = YES;
				CLANG_WARN_ENUM_CONVERSION = YES;
				CLANG_WARN_INFINITE_RECURSION = YES;
				CLANG_WARN_INT_CONVERSION = YES;
				CLANG_WARN_NON_LITERAL_NULL_CONVERSION = YES;
				CLANG_WARN_OBJC_IMPLICIT_RETAIN_SELF = YES;
				CLANG_WARN_OBJC_LITERAL_CONVERSION = YES;
				CLANG_WARN_OBJC_ROOT_CLASS = YES_ERROR;
				CLANG_WARN_QUOTED_INCLUDE_IN_FRAMEWORK_HEADER = YES;
				CLANG_WARN_RANGE_LOOP_ANALYSIS = YES;
				CLANG_WARN_STRICT_PROTOTYPES = YES;
				CLANG_WARN_SUSPICIOUS_MOVE = YES;
				CLANG_WARN_UNGUARDED_AVAILABILITY = YES_AGGRESSIVE;
				CLANG_WARN_UNREACHABLE_CODE = YES;
				CLANG_WARN__DUPLICATE_METHOD_MATCH = YES;
				COPY_PHASE_STRIP = NO;
				DEBUG_INFORMATION_FORMAT = dwarf;
				ENABLE_STRICT_OBJC_MSGSEND = YES;
				ENABLE_TESTABILITY = YES;
				GCC_C_LANGUAGE_STANDARD = gnu11;
				GCC_DYNAMIC_NO_PIC = NO;
				GCC_NO_COMMON_BLOCKS = YES;
				GCC_OPTIMIZATION_LEVEL = 0;
				GCC_PREPROCESSOR_DEFINITIONS = (
					"DEBUG=1",
					"$(inherited)",
				);
				GCC_WARN_64_TO_32_BIT_CONVERSION = YES;
				GCC_WARN_ABOUT_RETURN_TYPE = YES_ERROR;
				GCC_WARN_UNDECLARED_SELECTOR = YES;
				GCC_WARN_UNINITIALIZED_AUTOS = YES_AGGRESSIVE;
				GCC_WARN_UNUSED_FUNCTION = YES;
				GCC_WARN_UNUSED_VARIABLE = YES;
				IPHONEOS_DEPLOYMENT_TARGET = 16.0;
				MTL_ENABLE_DEBUG_INFO = INCLUDE_SOURCE;
				MTL_FAST_MATH = YES;
				ONLY_ACTIVE_ARCH = YES;
				SDKROOT = iphoneos;
				SWIFT_ACTIVE_COMPILATION_CONDITIONS = DEBUG;
				SWIFT_OPTIMIZATION_LEVEL = "-Onone";
			};
			name = Debug;
		};
		6943523428D2231C0093EAD3 /* Release */ = {
			isa = XCBuildConfiguration;
			buildSettings = {
				ALWAYS_SEARCH_USER_PATHS = NO;
				CLANG_ANALYZER_NONNULL = YES;
				CLANG_ANALYZER_NUMBER_OBJECT_CONVERSION = YES_AGGRESSIVE;
				CLANG_CXX_LANGUAGE_STANDARD = "gnu++20";
				CLANG_ENABLE_MODULES = YES;
				CLANG_ENABLE_OBJC_ARC = YES;
				CLANG_ENABLE_OBJC_WEAK = YES;
				CLANG_WARN_BLOCK_CAPTURE_AUTORELEASING = YES;
				CLANG_WARN_BOOL_CONVERSION = YES;
				CLANG_WARN_COMMA = YES;
				CLANG_WARN_CONSTANT_CONVERSION = YES;
				CLANG_WARN_DEPRECATED_OBJC_IMPLEMENTATIONS = YES;
				CLANG_WARN_DIRECT_OBJC_ISA_USAGE = YES_ERROR;
				CLANG_WARN_DOCUMENTATION_COMMENTS = YES;
				CLANG_WARN_EMPTY_BODY = YES;
				CLANG_WARN_ENUM_CONVERSION = YES;
				CLANG_WARN_INFINITE_RECURSION = YES;
				CLANG_WARN_INT_CONVERSION = YES;
				CLANG_WARN_NON_LITERAL_NULL_CONVERSION = YES;
				CLANG_WARN_OBJC_IMPLICIT_RETAIN_SELF = YES;
				CLANG_WARN_OBJC_LITERAL_CONVERSION = YES;
				CLANG_WARN_OBJC_ROOT_CLASS = YES_ERROR;
				CLANG_WARN_QUOTED_INCLUDE_IN_FRAMEWORK_HEADER = YES;
				CLANG_WARN_RANGE_LOOP_ANALYSIS = YES;
				CLANG_WARN_STRICT_PROTOTYPES = YES;
				CLANG_WARN_SUSPICIOUS_MOVE = YES;
				CLANG_WARN_UNGUARDED_AVAILABILITY = YES_AGGRESSIVE;
				CLANG_WARN_UNREACHABLE_CODE = YES;
				CLANG_WARN__DUPLICATE_METHOD_MATCH = YES;
				COPY_PHASE_STRIP = NO;
				DEBUG_INFORMATION_FORMAT = "dwarf-with-dsym";
				ENABLE_NS_ASSERTIONS = NO;
				ENABLE_STRICT_OBJC_MSGSEND = YES;
				GCC_C_LANGUAGE_STANDARD = gnu11;
				GCC_NO_COMMON_BLOCKS = YES;
				GCC_WARN_64_TO_32_BIT_CONVERSION = YES;
				GCC_WARN_ABOUT_RETURN_TYPE = YES_ERROR;
				GCC_WARN_UNDECLARED_SELECTOR = YES;
				GCC_WARN_UNINITIALIZED_AUTOS = YES_AGGRESSIVE;
				GCC_WARN_UNUSED_FUNCTION = YES;
				GCC_WARN_UNUSED_VARIABLE = YES;
				IPHONEOS_DEPLOYMENT_TARGET = 16.0;
				MTL_ENABLE_DEBUG_INFO = NO;
				MTL_FAST_MATH = YES;
				SDKROOT = iphoneos;
				SWIFT_COMPILATION_MODE = wholemodule;
				SWIFT_OPTIMIZATION_LEVEL = "-O";
				VALIDATE_PRODUCT = YES;
			};
			name = Release;
		};
		6943523628D2231C0093EAD3 /* Debug */ = {
			isa = XCBuildConfiguration;
			buildSettings = {
				ASSETCATALOG_COMPILER_APPICON_NAME = AppIcon;
				ASSETCATALOG_COMPILER_GLOBAL_ACCENT_COLOR_NAME = AccentColor;
				CODE_SIGN_STYLE = Automatic;
				CURRENT_PROJECT_VERSION = 1;
				DEVELOPMENT_ASSET_PATHS = "\"OpenWeatherApp_Demo/Preview Content\"";
				DEVELOPMENT_TEAM = QHCVJ9YHVJ;
				ENABLE_PREVIEWS = YES;
				GENERATE_INFOPLIST_FILE = YES;
				INFOPLIST_KEY_UIApplicationSceneManifest_Generation = YES;
				INFOPLIST_KEY_UIApplicationSupportsIndirectInputEvents = YES;
				INFOPLIST_KEY_UILaunchScreen_Generation = YES;
				INFOPLIST_KEY_UISupportedInterfaceOrientations_iPad = "UIInterfaceOrientationPortrait UIInterfaceOrientationPortraitUpsideDown UIInterfaceOrientationLandscapeLeft UIInterfaceOrientationLandscapeRight";
				INFOPLIST_KEY_UISupportedInterfaceOrientations_iPhone = "UIInterfaceOrientationPortrait UIInterfaceOrientationLandscapeLeft UIInterfaceOrientationLandscapeRight";
				LD_RUNPATH_SEARCH_PATHS = (
					"$(inherited)",
					"@executable_path/Frameworks",
				);
				MARKETING_VERSION = 1.0;
				PRODUCT_BUNDLE_IDENTIFIER = "ru.evgeniyromanov.OpenWeatherApp-Demo";
				PRODUCT_NAME = "$(TARGET_NAME)";
				SWIFT_EMIT_LOC_STRINGS = YES;
				SWIFT_VERSION = 5.0;
				TARGETED_DEVICE_FAMILY = "1,2";
			};
			name = Debug;
		};
		6943523728D2231C0093EAD3 /* Release */ = {
			isa = XCBuildConfiguration;
			buildSettings = {
				ASSETCATALOG_COMPILER_APPICON_NAME = AppIcon;
				ASSETCATALOG_COMPILER_GLOBAL_ACCENT_COLOR_NAME = AccentColor;
				CODE_SIGN_STYLE = Automatic;
				CURRENT_PROJECT_VERSION = 1;
				DEVELOPMENT_ASSET_PATHS = "\"OpenWeatherApp_Demo/Preview Content\"";
				DEVELOPMENT_TEAM = QHCVJ9YHVJ;
				ENABLE_PREVIEWS = YES;
				GENERATE_INFOPLIST_FILE = YES;
				INFOPLIST_KEY_UIApplicationSceneManifest_Generation = YES;
				INFOPLIST_KEY_UIApplicationSupportsIndirectInputEvents = YES;
				INFOPLIST_KEY_UILaunchScreen_Generation = YES;
				INFOPLIST_KEY_UISupportedInterfaceOrientations_iPad = "UIInterfaceOrientationPortrait UIInterfaceOrientationPortraitUpsideDown UIInterfaceOrientationLandscapeLeft UIInterfaceOrientationLandscapeRight";
				INFOPLIST_KEY_UISupportedInterfaceOrientations_iPhone = "UIInterfaceOrientationPortrait UIInterfaceOrientationLandscapeLeft UIInterfaceOrientationLandscapeRight";
				LD_RUNPATH_SEARCH_PATHS = (
					"$(inherited)",
					"@executable_path/Frameworks",
				);
				MARKETING_VERSION = 1.0;
				PRODUCT_BUNDLE_IDENTIFIER = "ru.evgeniyromanov.OpenWeatherApp-Demo";
				PRODUCT_NAME = "$(TARGET_NAME)";
				SWIFT_EMIT_LOC_STRINGS = YES;
				SWIFT_VERSION = 5.0;
				TARGETED_DEVICE_FAMILY = "1,2";
			};
			name = Release;
		};
		6943523928D2231C0093EAD3 /* Debug */ = {
			isa = XCBuildConfiguration;
			buildSettings = {
				ALWAYS_EMBED_SWIFT_STANDARD_LIBRARIES = YES;
				BUNDLE_LOADER = "$(TEST_HOST)";
				CODE_SIGN_STYLE = Automatic;
				CURRENT_PROJECT_VERSION = 1;
				DEVELOPMENT_TEAM = QHCVJ9YHVJ;
				GENERATE_INFOPLIST_FILE = YES;
				IPHONEOS_DEPLOYMENT_TARGET = 16.0;
				MARKETING_VERSION = 1.0;
				PRODUCT_BUNDLE_IDENTIFIER = "ru.evgeniyromanov.OpenWeatherApp-DemoTests";
				PRODUCT_NAME = "$(TARGET_NAME)";
				SWIFT_EMIT_LOC_STRINGS = NO;
				SWIFT_VERSION = 5.0;
				TARGETED_DEVICE_FAMILY = "1,2";
				TEST_HOST = "$(BUILT_PRODUCTS_DIR)/OpenWeatherApp_Demo.app/$(BUNDLE_EXECUTABLE_FOLDER_PATH)/OpenWeatherApp_Demo";
			};
			name = Debug;
		};
		6943523A28D2231C0093EAD3 /* Release */ = {
			isa = XCBuildConfiguration;
			buildSettings = {
				ALWAYS_EMBED_SWIFT_STANDARD_LIBRARIES = YES;
				BUNDLE_LOADER = "$(TEST_HOST)";
				CODE_SIGN_STYLE = Automatic;
				CURRENT_PROJECT_VERSION = 1;
				DEVELOPMENT_TEAM = QHCVJ9YHVJ;
				GENERATE_INFOPLIST_FILE = YES;
				IPHONEOS_DEPLOYMENT_TARGET = 16.0;
				MARKETING_VERSION = 1.0;
				PRODUCT_BUNDLE_IDENTIFIER = "ru.evgeniyromanov.OpenWeatherApp-DemoTests";
				PRODUCT_NAME = "$(TARGET_NAME)";
				SWIFT_EMIT_LOC_STRINGS = NO;
				SWIFT_VERSION = 5.0;
				TARGETED_DEVICE_FAMILY = "1,2";
				TEST_HOST = "$(BUILT_PRODUCTS_DIR)/OpenWeatherApp_Demo.app/$(BUNDLE_EXECUTABLE_FOLDER_PATH)/OpenWeatherApp_Demo";
			};
			name = Release;
		};
		6943523C28D2231C0093EAD3 /* Debug */ = {
			isa = XCBuildConfiguration;
			buildSettings = {
				ALWAYS_EMBED_SWIFT_STANDARD_LIBRARIES = YES;
				CODE_SIGN_STYLE = Automatic;
				CURRENT_PROJECT_VERSION = 1;
				DEVELOPMENT_TEAM = QHCVJ9YHVJ;
				GENERATE_INFOPLIST_FILE = YES;
				MARKETING_VERSION = 1.0;
				PRODUCT_BUNDLE_IDENTIFIER = "ru.evgeniyromanov.OpenWeatherApp-DemoUITests";
				PRODUCT_NAME = "$(TARGET_NAME)";
				SWIFT_EMIT_LOC_STRINGS = NO;
				SWIFT_VERSION = 5.0;
				TARGETED_DEVICE_FAMILY = "1,2";
				TEST_TARGET_NAME = OpenWeatherApp_Demo;
			};
			name = Debug;
		};
		6943523D28D2231C0093EAD3 /* Release */ = {
			isa = XCBuildConfiguration;
			buildSettings = {
				ALWAYS_EMBED_SWIFT_STANDARD_LIBRARIES = YES;
				CODE_SIGN_STYLE = Automatic;
				CURRENT_PROJECT_VERSION = 1;
				DEVELOPMENT_TEAM = QHCVJ9YHVJ;
				GENERATE_INFOPLIST_FILE = YES;
				MARKETING_VERSION = 1.0;
				PRODUCT_BUNDLE_IDENTIFIER = "ru.evgeniyromanov.OpenWeatherApp-DemoUITests";
				PRODUCT_NAME = "$(TARGET_NAME)";
				SWIFT_EMIT_LOC_STRINGS = NO;
				SWIFT_VERSION = 5.0;
				TARGETED_DEVICE_FAMILY = "1,2";
				TEST_TARGET_NAME = OpenWeatherApp_Demo;
			};
			name = Release;
		};
/* End XCBuildConfiguration section */

/* Begin XCConfigurationList section */
		6943520C28D2231B0093EAD3 /* Build configuration list for PBXProject "OpenWeatherApp_Demo" */ = {
			isa = XCConfigurationList;
			buildConfigurations = (
				6943523328D2231C0093EAD3 /* Debug */,
				6943523428D2231C0093EAD3 /* Release */,
			);
			defaultConfigurationIsVisible = 0;
			defaultConfigurationName = Release;
		};
		6943523528D2231C0093EAD3 /* Build configuration list for PBXNativeTarget "OpenWeatherApp_Demo" */ = {
			isa = XCConfigurationList;
			buildConfigurations = (
				6943523628D2231C0093EAD3 /* Debug */,
				6943523728D2231C0093EAD3 /* Release */,
			);
			defaultConfigurationIsVisible = 0;
			defaultConfigurationName = Release;
		};
		6943523828D2231C0093EAD3 /* Build configuration list for PBXNativeTarget "OpenWeatherApp_DemoTests" */ = {
			isa = XCConfigurationList;
			buildConfigurations = (
				6943523928D2231C0093EAD3 /* Debug */,
				6943523A28D2231C0093EAD3 /* Release */,
			);
			defaultConfigurationIsVisible = 0;
			defaultConfigurationName = Release;
		};
		6943523B28D2231C0093EAD3 /* Build configuration list for PBXNativeTarget "OpenWeatherApp_DemoUITests" */ = {
			isa = XCConfigurationList;
			buildConfigurations = (
				6943523C28D2231C0093EAD3 /* Debug */,
				6943523D28D2231C0093EAD3 /* Release */,
			);
			defaultConfigurationIsVisible = 0;
			defaultConfigurationName = Release;
		};
/* End XCConfigurationList section */
	};
	rootObject = 6943520928D2231B0093EAD3 /* Project object */;
}
